// !$*UTF8*$!
{
	archiveVersion = 1;
	classes = {
	};
	objectVersion = 56;
	objects = {

/* Begin PBXBuildFile section */
		4544A4852954BCD3004EB8E8 /* WayPickerApp.swift in Sources */ = {isa = PBXBuildFile; fileRef = 4544A4842954BCD3004EB8E8 /* WayPickerApp.swift */; };
		4544A4872954BCD3004EB8E8 /* ContentView.swift in Sources */ = {isa = PBXBuildFile; fileRef = 4544A4862954BCD3004EB8E8 /* ContentView.swift */; };
		4544A4892954BCD8004EB8E8 /* Assets.xcassets in Resources */ = {isa = PBXBuildFile; fileRef = 4544A4882954BCD8004EB8E8 /* Assets.xcassets */; };
		4544A48C2954BCD8004EB8E8 /* Preview Assets.xcassets in Resources */ = {isa = PBXBuildFile; fileRef = 4544A48B2954BCD8004EB8E8 /* Preview Assets.xcassets */; };
		4544A49A2954BF73004EB8E8 /* Pacifico-Regular.ttf in Resources */ = {isa = PBXBuildFile; fileRef = 4544A4992954BF73004EB8E8 /* Pacifico-Regular.ttf */; };
		4544A49C2954BF8F004EB8E8 /* Quicksand-VariableFont_wght.ttf in Resources */ = {isa = PBXBuildFile; fileRef = 4544A49B2954BF8F004EB8E8 /* Quicksand-VariableFont_wght.ttf */; };
		4544A49F2954C17A004EB8E8 /* Checkmark.swift in Sources */ = {isa = PBXBuildFile; fileRef = 4544A49E2954C17A004EB8E8 /* Checkmark.swift */; };
		4544A4A12954C1B2004EB8E8 /* ButtonPalette.swift in Sources */ = {isa = PBXBuildFile; fileRef = 4544A4A02954C1B2004EB8E8 /* ButtonPalette.swift */; };
		4544A4A32954C1DD004EB8E8 /* ButtonInfo.swift in Sources */ = {isa = PBXBuildFile; fileRef = 4544A4A22954C1DD004EB8E8 /* ButtonInfo.swift */; };
		4544A4A52954C1FC004EB8E8 /* ButtonDone.swift in Sources */ = {isa = PBXBuildFile; fileRef = 4544A4A42954C1FC004EB8E8 /* ButtonDone.swift */; };
		4544A4A72954C21B004EB8E8 /* Logo.swift in Sources */ = {isa = PBXBuildFile; fileRef = 4544A4A62954C21B004EB8E8 /* Logo.swift */; };
		4544A4A92954C23F004EB8E8 /* Menu.swift in Sources */ = {isa = PBXBuildFile; fileRef = 4544A4A82954C23F004EB8E8 /* Menu.swift */; };
		4544A4AB2954C260004EB8E8 /* IntroView.swift in Sources */ = {isa = PBXBuildFile; fileRef = 4544A4AA2954C260004EB8E8 /* IntroView.swift */; };
		4544A4AD2954C274004EB8E8 /* ThemeView.swift in Sources */ = {isa = PBXBuildFile; fileRef = 4544A4AC2954C274004EB8E8 /* ThemeView.swift */; };
		4544A4AF2954C286004EB8E8 /* InfoView.swift in Sources */ = {isa = PBXBuildFile; fileRef = 4544A4AE2954C286004EB8E8 /* InfoView.swift */; };
		4544A4B12954C2B8004EB8E8 /* InfoText.swift in Sources */ = {isa = PBXBuildFile; fileRef = 4544A4B02954C2B8004EB8E8 /* InfoText.swift */; };
		4544A4B32954C2EF004EB8E8 /* LocationPointer.swift in Sources */ = {isa = PBXBuildFile; fileRef = 4544A4B22954C2EF004EB8E8 /* LocationPointer.swift */; };
		4544A4B52954C310004EB8E8 /* CrossroadFrame.swift in Sources */ = {isa = PBXBuildFile; fileRef = 4544A4B42954C310004EB8E8 /* CrossroadFrame.swift */; };
		4544A4B72954C33D004EB8E8 /* DetailView.swift in Sources */ = {isa = PBXBuildFile; fileRef = 4544A4B62954C33D004EB8E8 /* DetailView.swift */; };
		4544A4B92954C359004EB8E8 /* DirectionArrow.swift in Sources */ = {isa = PBXBuildFile; fileRef = 4544A4B82954C359004EB8E8 /* DirectionArrow.swift */; };
		4544A4BB2954C38D004EB8E8 /* TileFrame.swift in Sources */ = {isa = PBXBuildFile; fileRef = 4544A4BA2954C38D004EB8E8 /* TileFrame.swift */; };
		4544A4BE2954C44A004EB8E8 /* Crossroad1.swift in Sources */ = {isa = PBXBuildFile; fileRef = 4544A4BD2954C44A004EB8E8 /* Crossroad1.swift */; };
		4544A4C02954C45A004EB8E8 /* Crossroad2.swift in Sources */ = {isa = PBXBuildFile; fileRef = 4544A4BF2954C45A004EB8E8 /* Crossroad2.swift */; };
		4544A4C22954C464004EB8E8 /* Crossroad3.swift in Sources */ = {isa = PBXBuildFile; fileRef = 4544A4C12954C464004EB8E8 /* Crossroad3.swift */; };
		4544A4C42954C472004EB8E8 /* Crossroad4.swift in Sources */ = {isa = PBXBuildFile; fileRef = 4544A4C32954C472004EB8E8 /* Crossroad4.swift */; };
		4544A4C62954C47A004EB8E8 /* Crossroad5.swift in Sources */ = {isa = PBXBuildFile; fileRef = 4544A4C52954C47A004EB8E8 /* Crossroad5.swift */; };
		4544A4C82954C484004EB8E8 /* Crossroad6.swift in Sources */ = {isa = PBXBuildFile; fileRef = 4544A4C72954C484004EB8E8 /* Crossroad6.swift */; };
		4544A4CA2954C53A004EB8E8 /* DetailUnknownView.swift in Sources */ = {isa = PBXBuildFile; fileRef = 4544A4C92954C53A004EB8E8 /* DetailUnknownView.swift */; };
		4544A4CF29588065004EB8E8 /* Theme.swift in Sources */ = {isa = PBXBuildFile; fileRef = 4544A4CE29588064004EB8E8 /* Theme.swift */; };
		4544A4D129588070004EB8E8 /* ThemeManager.swift in Sources */ = {isa = PBXBuildFile; fileRef = 4544A4D029588070004EB8E8 /* ThemeManager.swift */; };
		4544A4D7295884F0004EB8E8 /* Utils.swift in Sources */ = {isa = PBXBuildFile; fileRef = 4544A4D6295884F0004EB8E8 /* Utils.swift */; };
		4544A4DB29588D1D004EB8E8 /* ThemeList.swift in Sources */ = {isa = PBXBuildFile; fileRef = 4544A4DA29588D1D004EB8E8 /* ThemeList.swift */; };
		456090DD295DCFE9009D6DFA /* CrossroadButton.swift in Sources */ = {isa = PBXBuildFile; fileRef = 456090DC295DCFE9009D6DFA /* CrossroadButton.swift */; };
		45BDF690295DFD7A003E8D2E /* CrossroadWrapper.swift in Sources */ = {isa = PBXBuildFile; fileRef = 45BDF68F295DFD7A003E8D2E /* CrossroadWrapper.swift */; };
/* End PBXBuildFile section */

/* Begin PBXFileReference section */
		4544A4812954BCD3004EB8E8 /* WayPicker.app */ = {isa = PBXFileReference; explicitFileType = wrapper.application; includeInIndex = 0; path = WayPicker.app; sourceTree = BUILT_PRODUCTS_DIR; };
		4544A4842954BCD3004EB8E8 /* WayPickerApp.swift */ = {isa = PBXFileReference; lastKnownFileType = sourcecode.swift; path = WayPickerApp.swift; sourceTree = "<group>"; };
		4544A4862954BCD3004EB8E8 /* ContentView.swift */ = {isa = PBXFileReference; lastKnownFileType = sourcecode.swift; path = ContentView.swift; sourceTree = "<group>"; };
		4544A4882954BCD8004EB8E8 /* Assets.xcassets */ = {isa = PBXFileReference; lastKnownFileType = folder.assetcatalog; path = Assets.xcassets; sourceTree = "<group>"; };
		4544A48B2954BCD8004EB8E8 /* Preview Assets.xcassets */ = {isa = PBXFileReference; lastKnownFileType = folder.assetcatalog; path = "Preview Assets.xcassets"; sourceTree = "<group>"; };
		4544A4992954BF73004EB8E8 /* Pacifico-Regular.ttf */ = {isa = PBXFileReference; lastKnownFileType = file; path = "Pacifico-Regular.ttf"; sourceTree = "<group>"; };
		4544A49B2954BF8F004EB8E8 /* Quicksand-VariableFont_wght.ttf */ = {isa = PBXFileReference; lastKnownFileType = file; path = "Quicksand-VariableFont_wght.ttf"; sourceTree = "<group>"; };
		4544A49D2954C08D004EB8E8 /* Info.plist */ = {isa = PBXFileReference; lastKnownFileType = text.plist; path = Info.plist; sourceTree = "<group>"; };
		4544A49E2954C17A004EB8E8 /* Checkmark.swift */ = {isa = PBXFileReference; lastKnownFileType = sourcecode.swift; path = Checkmark.swift; sourceTree = "<group>"; };
		4544A4A02954C1B2004EB8E8 /* ButtonPalette.swift */ = {isa = PBXFileReference; lastKnownFileType = sourcecode.swift; path = ButtonPalette.swift; sourceTree = "<group>"; };
		4544A4A22954C1DD004EB8E8 /* ButtonInfo.swift */ = {isa = PBXFileReference; lastKnownFileType = sourcecode.swift; path = ButtonInfo.swift; sourceTree = "<group>"; };
		4544A4A42954C1FC004EB8E8 /* ButtonDone.swift */ = {isa = PBXFileReference; lastKnownFileType = sourcecode.swift; path = ButtonDone.swift; sourceTree = "<group>"; };
		4544A4A62954C21B004EB8E8 /* Logo.swift */ = {isa = PBXFileReference; lastKnownFileType = sourcecode.swift; path = Logo.swift; sourceTree = "<group>"; };
		4544A4A82954C23F004EB8E8 /* Menu.swift */ = {isa = PBXFileReference; lastKnownFileType = sourcecode.swift; path = Menu.swift; sourceTree = "<group>"; };
		4544A4AA2954C260004EB8E8 /* IntroView.swift */ = {isa = PBXFileReference; lastKnownFileType = sourcecode.swift; name = IntroView.swift; path = WayPicker/Elements/IntroView.swift; sourceTree = SOURCE_ROOT; };
		4544A4AC2954C274004EB8E8 /* ThemeView.swift */ = {isa = PBXFileReference; lastKnownFileType = sourcecode.swift; name = ThemeView.swift; path = WayPicker/Elements/ThemeView.swift; sourceTree = SOURCE_ROOT; };
		4544A4AE2954C286004EB8E8 /* InfoView.swift */ = {isa = PBXFileReference; lastKnownFileType = sourcecode.swift; name = InfoView.swift; path = WayPicker/Elements/InfoView.swift; sourceTree = SOURCE_ROOT; };
		4544A4B02954C2B8004EB8E8 /* InfoText.swift */ = {isa = PBXFileReference; lastKnownFileType = sourcecode.swift; path = InfoText.swift; sourceTree = "<group>"; };
		4544A4B22954C2EF004EB8E8 /* LocationPointer.swift */ = {isa = PBXFileReference; lastKnownFileType = sourcecode.swift; path = LocationPointer.swift; sourceTree = "<group>"; };
		4544A4B42954C310004EB8E8 /* CrossroadFrame.swift */ = {isa = PBXFileReference; lastKnownFileType = sourcecode.swift; path = CrossroadFrame.swift; sourceTree = "<group>"; };
		4544A4B62954C33D004EB8E8 /* DetailView.swift */ = {isa = PBXFileReference; lastKnownFileType = sourcecode.swift; name = DetailView.swift; path = WayPicker/Elements/DetailView.swift; sourceTree = SOURCE_ROOT; };
		4544A4B82954C359004EB8E8 /* DirectionArrow.swift */ = {isa = PBXFileReference; lastKnownFileType = sourcecode.swift; name = DirectionArrow.swift; path = WayPicker/Views/DirectionArrow.swift; sourceTree = SOURCE_ROOT; };
		4544A4BA2954C38D004EB8E8 /* TileFrame.swift */ = {isa = PBXFileReference; lastKnownFileType = sourcecode.swift; path = TileFrame.swift; sourceTree = "<group>"; };
		4544A4BD2954C44A004EB8E8 /* Crossroad1.swift */ = {isa = PBXFileReference; lastKnownFileType = sourcecode.swift; path = Crossroad1.swift; sourceTree = "<group>"; };
		4544A4BF2954C45A004EB8E8 /* Crossroad2.swift */ = {isa = PBXFileReference; lastKnownFileType = sourcecode.swift; path = Crossroad2.swift; sourceTree = "<group>"; };
		4544A4C12954C464004EB8E8 /* Crossroad3.swift */ = {isa = PBXFileReference; lastKnownFileType = sourcecode.swift; path = Crossroad3.swift; sourceTree = "<group>"; };
		4544A4C32954C472004EB8E8 /* Crossroad4.swift */ = {isa = PBXFileReference; lastKnownFileType = sourcecode.swift; path = Crossroad4.swift; sourceTree = "<group>"; };
		4544A4C52954C47A004EB8E8 /* Crossroad5.swift */ = {isa = PBXFileReference; lastKnownFileType = sourcecode.swift; path = Crossroad5.swift; sourceTree = "<group>"; };
		4544A4C72954C484004EB8E8 /* Crossroad6.swift */ = {isa = PBXFileReference; lastKnownFileType = sourcecode.swift; path = Crossroad6.swift; sourceTree = "<group>"; };
		4544A4C92954C53A004EB8E8 /* DetailUnknownView.swift */ = {isa = PBXFileReference; lastKnownFileType = sourcecode.swift; path = DetailUnknownView.swift; sourceTree = "<group>"; };
		4544A4CE29588064004EB8E8 /* Theme.swift */ = {isa = PBXFileReference; lastKnownFileType = sourcecode.swift; path = Theme.swift; sourceTree = "<group>"; };
		4544A4D029588070004EB8E8 /* ThemeManager.swift */ = {isa = PBXFileReference; lastKnownFileType = sourcecode.swift; path = ThemeManager.swift; sourceTree = "<group>"; };
		4544A4D6295884F0004EB8E8 /* Utils.swift */ = {isa = PBXFileReference; lastKnownFileType = sourcecode.swift; path = Utils.swift; sourceTree = "<group>"; };
		4544A4DA29588D1D004EB8E8 /* ThemeList.swift */ = {isa = PBXFileReference; lastKnownFileType = sourcecode.swift; path = ThemeList.swift; sourceTree = "<group>"; };
		456090DC295DCFE9009D6DFA /* CrossroadButton.swift */ = {isa = PBXFileReference; lastKnownFileType = sourcecode.swift; path = CrossroadButton.swift; sourceTree = "<group>"; };
		45BDF68F295DFD7A003E8D2E /* CrossroadWrapper.swift */ = {isa = PBXFileReference; lastKnownFileType = sourcecode.swift; path = CrossroadWrapper.swift; sourceTree = "<group>"; };
/* End PBXFileReference section */

/* Begin PBXFrameworksBuildPhase section */
		4544A47E2954BCD2004EB8E8 /* Frameworks */ = {
			isa = PBXFrameworksBuildPhase;
			buildActionMask = 2147483647;
			files = (
			);
			runOnlyForDeploymentPostprocessing = 0;
		};
/* End PBXFrameworksBuildPhase section */

/* Begin PBXGroup section */
		4544A4782954BCD2004EB8E8 = {
			isa = PBXGroup;
			children = (
				4544A4832954BCD3004EB8E8 /* WayPicker */,
				4544A4822954BCD3004EB8E8 /* Products */,
			);
			sourceTree = "<group>";
		};
		4544A4822954BCD3004EB8E8 /* Products */ = {
			isa = PBXGroup;
			children = (
				4544A4812954BCD3004EB8E8 /* WayPicker.app */,
			);
			name = Products;
			sourceTree = "<group>";
		};
		4544A4832954BCD3004EB8E8 /* WayPicker */ = {
			isa = PBXGroup;
			children = (
				4544A4922954BD9E004EB8E8 /* Views */,
				4544A4932954BDAE004EB8E8 /* Elements */,
				4544A4CD29587FFB004EB8E8 /* Themes */,
				4544A4842954BCD3004EB8E8 /* WayPickerApp.swift */,
				4544A4D6295884F0004EB8E8 /* Utils.swift */,
				4544A4882954BCD8004EB8E8 /* Assets.xcassets */,
				4544A49D2954C08D004EB8E8 /* Info.plist */,
				4544A4982954BF2E004EB8E8 /* Resources */,
				4544A48A2954BCD8004EB8E8 /* Preview Content */,
			);
			path = WayPicker;
			sourceTree = "<group>";
		};
		4544A48A2954BCD8004EB8E8 /* Preview Content */ = {
			isa = PBXGroup;
			children = (
				4544A48B2954BCD8004EB8E8 /* Preview Assets.xcassets */,
			);
			path = "Preview Content";
			sourceTree = "<group>";
		};
		4544A4922954BD9E004EB8E8 /* Views */ = {
			isa = PBXGroup;
			children = (
				4544A4862954BCD3004EB8E8 /* ContentView.swift */,
				4544A4AA2954C260004EB8E8 /* IntroView.swift */,
				4544A4B62954C33D004EB8E8 /* DetailView.swift */,
				4544A4C92954C53A004EB8E8 /* DetailUnknownView.swift */,
				4544A4AC2954C274004EB8E8 /* ThemeView.swift */,
				4544A4AE2954C286004EB8E8 /* InfoView.swift */,
			);
			path = Views;
			sourceTree = "<group>";
		};
		4544A4932954BDAE004EB8E8 /* Elements */ = {
			isa = PBXGroup;
			children = (
				4544A4B82954C359004EB8E8 /* DirectionArrow.swift */,
				4544A4BA2954C38D004EB8E8 /* TileFrame.swift */,
				4544A49E2954C17A004EB8E8 /* Checkmark.swift */,
				4544A4A02954C1B2004EB8E8 /* ButtonPalette.swift */,
				4544A4A22954C1DD004EB8E8 /* ButtonInfo.swift */,
				4544A4A42954C1FC004EB8E8 /* ButtonDone.swift */,
				4544A4A62954C21B004EB8E8 /* Logo.swift */,
				4544A4A82954C23F004EB8E8 /* Menu.swift */,
				4544A4B02954C2B8004EB8E8 /* InfoText.swift */,
				4544A4B22954C2EF004EB8E8 /* LocationPointer.swift */,
				456090DC295DCFE9009D6DFA /* CrossroadButton.swift */,
				45BDF68F295DFD7A003E8D2E /* CrossroadWrapper.swift */,
				4544A4B42954C310004EB8E8 /* CrossroadFrame.swift */,
				4544A4BC2954C3C5004EB8E8 /* Crossroads */,
			);
			path = Elements;
			sourceTree = "<group>";
		};
		4544A4982954BF2E004EB8E8 /* Resources */ = {
			isa = PBXGroup;
			children = (
				4544A49B2954BF8F004EB8E8 /* Quicksand-VariableFont_wght.ttf */,
				4544A4992954BF73004EB8E8 /* Pacifico-Regular.ttf */,
			);
			path = Resources;
			sourceTree = "<group>";
		};
		4544A4BC2954C3C5004EB8E8 /* Crossroads */ = {
			isa = PBXGroup;
			children = (
				4544A4BD2954C44A004EB8E8 /* Crossroad1.swift */,
				4544A4BF2954C45A004EB8E8 /* Crossroad2.swift */,
				4544A4C12954C464004EB8E8 /* Crossroad3.swift */,
				4544A4C32954C472004EB8E8 /* Crossroad4.swift */,
				4544A4C52954C47A004EB8E8 /* Crossroad5.swift */,
				4544A4C72954C484004EB8E8 /* Crossroad6.swift */,
			);
			path = Crossroads;
			sourceTree = "<group>";
		};
		4544A4CD29587FFB004EB8E8 /* Themes */ = {
			isa = PBXGroup;
			children = (
				4544A4CE29588064004EB8E8 /* Theme.swift */,
				4544A4D029588070004EB8E8 /* ThemeManager.swift */,
				4544A4DA29588D1D004EB8E8 /* ThemeList.swift */,
			);
			path = Themes;
			sourceTree = "<group>";
		};
/* End PBXGroup section */

/* Begin PBXNativeTarget section */
		4544A4802954BCD2004EB8E8 /* WayPicker */ = {
			isa = PBXNativeTarget;
			buildConfigurationList = 4544A48F2954BCD8004EB8E8 /* Build configuration list for PBXNativeTarget "WayPicker" */;
			buildPhases = (
				4544A47D2954BCD2004EB8E8 /* Sources */,
				4544A47E2954BCD2004EB8E8 /* Frameworks */,
				4544A47F2954BCD2004EB8E8 /* Resources */,
			);
			buildRules = (
			);
			dependencies = (
			);
			name = WayPicker;
			productName = WayPicker;
			productReference = 4544A4812954BCD3004EB8E8 /* WayPicker.app */;
			productType = "com.apple.product-type.application";
		};
/* End PBXNativeTarget section */

/* Begin PBXProject section */
		4544A4792954BCD2004EB8E8 /* Project object */ = {
			isa = PBXProject;
			attributes = {
				BuildIndependentTargetsInParallel = 1;
				LastSwiftUpdateCheck = 1410;
				LastUpgradeCheck = 1410;
				TargetAttributes = {
					4544A4802954BCD2004EB8E8 = {
						CreatedOnToolsVersion = 14.1;
					};
				};
			};
			buildConfigurationList = 4544A47C2954BCD2004EB8E8 /* Build configuration list for PBXProject "WayPicker" */;
			compatibilityVersion = "Xcode 14.0";
			developmentRegion = en;
			hasScannedForEncodings = 0;
			knownRegions = (
				en,
				Base,
			);
			mainGroup = 4544A4782954BCD2004EB8E8;
			productRefGroup = 4544A4822954BCD3004EB8E8 /* Products */;
			projectDirPath = "";
			projectRoot = "";
			targets = (
				4544A4802954BCD2004EB8E8 /* WayPicker */,
			);
		};
/* End PBXProject section */

/* Begin PBXResourcesBuildPhase section */
		4544A47F2954BCD2004EB8E8 /* Resources */ = {
			isa = PBXResourcesBuildPhase;
			buildActionMask = 2147483647;
			files = (
				4544A49A2954BF73004EB8E8 /* Pacifico-Regular.ttf in Resources */,
				4544A49C2954BF8F004EB8E8 /* Quicksand-VariableFont_wght.ttf in Resources */,
				4544A48C2954BCD8004EB8E8 /* Preview Assets.xcassets in Resources */,
				4544A4892954BCD8004EB8E8 /* Assets.xcassets in Resources */,
			);
			runOnlyForDeploymentPostprocessing = 0;
		};
/* End PBXResourcesBuildPhase section */

/* Begin PBXSourcesBuildPhase section */
		4544A47D2954BCD2004EB8E8 /* Sources */ = {
			isa = PBXSourcesBuildPhase;
			buildActionMask = 2147483647;
			files = (
				4544A4872954BCD3004EB8E8 /* ContentView.swift in Sources */,
				4544A4C62954C47A004EB8E8 /* Crossroad5.swift in Sources */,
				4544A4C02954C45A004EB8E8 /* Crossroad2.swift in Sources */,
				4544A4AD2954C274004EB8E8 /* ThemeView.swift in Sources */,
				4544A4A52954C1FC004EB8E8 /* ButtonDone.swift in Sources */,
				4544A4D7295884F0004EB8E8 /* Utils.swift in Sources */,
				4544A4B92954C359004EB8E8 /* DirectionArrow.swift in Sources */,
				4544A4BE2954C44A004EB8E8 /* Crossroad1.swift in Sources */,
				4544A4A32954C1DD004EB8E8 /* ButtonInfo.swift in Sources */,
				4544A4B52954C310004EB8E8 /* CrossroadFrame.swift in Sources */,
				4544A4C82954C484004EB8E8 /* Crossroad6.swift in Sources */,
				4544A4CA2954C53A004EB8E8 /* DetailUnknownView.swift in Sources */,
				4544A4AF2954C286004EB8E8 /* InfoView.swift in Sources */,
				4544A4B12954C2B8004EB8E8 /* InfoText.swift in Sources */,
				4544A4D129588070004EB8E8 /* ThemeManager.swift in Sources */,
				4544A4852954BCD3004EB8E8 /* WayPickerApp.swift in Sources */,
				4544A4C22954C464004EB8E8 /* Crossroad3.swift in Sources */,
				4544A4B72954C33D004EB8E8 /* DetailView.swift in Sources */,
				4544A4CF29588065004EB8E8 /* Theme.swift in Sources */,
				4544A4B32954C2EF004EB8E8 /* LocationPointer.swift in Sources */,
				45BDF690295DFD7A003E8D2E /* CrossroadWrapper.swift in Sources */,
				4544A4DB29588D1D004EB8E8 /* ThemeList.swift in Sources */,
				4544A4A12954C1B2004EB8E8 /* ButtonPalette.swift in Sources */,
				4544A4BB2954C38D004EB8E8 /* TileFrame.swift in Sources */,
				4544A4C42954C472004EB8E8 /* Crossroad4.swift in Sources */,
				4544A4A92954C23F004EB8E8 /* Menu.swift in Sources */,
				456090DD295DCFE9009D6DFA /* CrossroadButton.swift in Sources */,
				4544A4AB2954C260004EB8E8 /* IntroView.swift in Sources */,
				4544A4A72954C21B004EB8E8 /* Logo.swift in Sources */,
				4544A49F2954C17A004EB8E8 /* Checkmark.swift in Sources */,
			);
			runOnlyForDeploymentPostprocessing = 0;
		};
/* End PBXSourcesBuildPhase section */

/* Begin XCBuildConfiguration section */
		4544A48D2954BCD8004EB8E8 /* Debug */ = {
			isa = XCBuildConfiguration;
			buildSettings = {
				ALWAYS_SEARCH_USER_PATHS = NO;
				CLANG_ANALYZER_NONNULL = YES;
				CLANG_ANALYZER_NUMBER_OBJECT_CONVERSION = YES_AGGRESSIVE;
				CLANG_CXX_LANGUAGE_STANDARD = "gnu++20";
				CLANG_ENABLE_MODULES = YES;
				CLANG_ENABLE_OBJC_ARC = YES;
				CLANG_ENABLE_OBJC_WEAK = YES;
				CLANG_WARN_BLOCK_CAPTURE_AUTORELEASING = YES;
				CLANG_WARN_BOOL_CONVERSION = YES;
				CLANG_WARN_COMMA = YES;
				CLANG_WARN_CONSTANT_CONVERSION = YES;
				CLANG_WARN_DEPRECATED_OBJC_IMPLEMENTATIONS = YES;
				CLANG_WARN_DIRECT_OBJC_ISA_USAGE = YES_ERROR;
				CLANG_WARN_DOCUMENTATION_COMMENTS = YES;
				CLANG_WARN_EMPTY_BODY = YES;
				CLANG_WARN_ENUM_CONVERSION = YES;
				CLANG_WARN_INFINITE_RECURSION = YES;
				CLANG_WARN_INT_CONVERSION = YES;
				CLANG_WARN_NON_LITERAL_NULL_CONVERSION = YES;
				CLANG_WARN_OBJC_IMPLICIT_RETAIN_SELF = YES;
				CLANG_WARN_OBJC_LITERAL_CONVERSION = YES;
				CLANG_WARN_OBJC_ROOT_CLASS = YES_ERROR;
				CLANG_WARN_QUOTED_INCLUDE_IN_FRAMEWORK_HEADER = YES;
				CLANG_WARN_RANGE_LOOP_ANALYSIS = YES;
				CLANG_WARN_STRICT_PROTOTYPES = YES;
				CLANG_WARN_SUSPICIOUS_MOVE = YES;
				CLANG_WARN_UNGUARDED_AVAILABILITY = YES_AGGRESSIVE;
				CLANG_WARN_UNREACHABLE_CODE = YES;
				CLANG_WARN__DUPLICATE_METHOD_MATCH = YES;
				COPY_PHASE_STRIP = NO;
				DEBUG_INFORMATION_FORMAT = dwarf;
				ENABLE_STRICT_OBJC_MSGSEND = YES;
				ENABLE_TESTABILITY = YES;
				GCC_C_LANGUAGE_STANDARD = gnu11;
				GCC_DYNAMIC_NO_PIC = NO;
				GCC_NO_COMMON_BLOCKS = YES;
				GCC_OPTIMIZATION_LEVEL = 0;
				GCC_PREPROCESSOR_DEFINITIONS = (
					"DEBUG=1",
					"$(inherited)",
				);
				GCC_WARN_64_TO_32_BIT_CONVERSION = YES;
				GCC_WARN_ABOUT_RETURN_TYPE = YES_ERROR;
				GCC_WARN_UNDECLARED_SELECTOR = YES;
				GCC_WARN_UNINITIALIZED_AUTOS = YES_AGGRESSIVE;
				GCC_WARN_UNUSED_FUNCTION = YES;
				GCC_WARN_UNUSED_VARIABLE = YES;
				IPHONEOS_DEPLOYMENT_TARGET = 16.1;
				MTL_ENABLE_DEBUG_INFO = INCLUDE_SOURCE;
				MTL_FAST_MATH = YES;
				ONLY_ACTIVE_ARCH = YES;
				SDKROOT = iphoneos;
				SWIFT_ACTIVE_COMPILATION_CONDITIONS = DEBUG;
				SWIFT_OPTIMIZATION_LEVEL = "-Onone";
			};
			name = Debug;
		};
		4544A48E2954BCD8004EB8E8 /* Release */ = {
			isa = XCBuildConfiguration;
			buildSettings = {
				ALWAYS_SEARCH_USER_PATHS = NO;
				CLANG_ANALYZER_NONNULL = YES;
				CLANG_ANALYZER_NUMBER_OBJECT_CONVERSION = YES_AGGRESSIVE;
				CLANG_CXX_LANGUAGE_STANDARD = "gnu++20";
				CLANG_ENABLE_MODULES = YES;
				CLANG_ENABLE_OBJC_ARC = YES;
				CLANG_ENABLE_OBJC_WEAK = YES;
				CLANG_WARN_BLOCK_CAPTURE_AUTORELEASING = YES;
				CLANG_WARN_BOOL_CONVERSION = YES;
				CLANG_WARN_COMMA = YES;
				CLANG_WARN_CONSTANT_CONVERSION = YES;
				CLANG_WARN_DEPRECATED_OBJC_IMPLEMENTATIONS = YES;
				CLANG_WARN_DIRECT_OBJC_ISA_USAGE = YES_ERROR;
				CLANG_WARN_DOCUMENTATION_COMMENTS = YES;
				CLANG_WARN_EMPTY_BODY = YES;
				CLANG_WARN_ENUM_CONVERSION = YES;
				CLANG_WARN_INFINITE_RECURSION = YES;
				CLANG_WARN_INT_CONVERSION = YES;
				CLANG_WARN_NON_LITERAL_NULL_CONVERSION = YES;
				CLANG_WARN_OBJC_IMPLICIT_RETAIN_SELF = YES;
				CLANG_WARN_OBJC_LITERAL_CONVERSION = YES;
				CLANG_WARN_OBJC_ROOT_CLASS = YES_ERROR;
				CLANG_WARN_QUOTED_INCLUDE_IN_FRAMEWORK_HEADER = YES;
				CLANG_WARN_RANGE_LOOP_ANALYSIS = YES;
				CLANG_WARN_STRICT_PROTOTYPES = YES;
				CLANG_WARN_SUSPICIOUS_MOVE = YES;
				CLANG_WARN_UNGUARDED_AVAILABILITY = YES_AGGRESSIVE;
				CLANG_WARN_UNREACHABLE_CODE = YES;
				CLANG_WARN__DUPLICATE_METHOD_MATCH = YES;
				COPY_PHASE_STRIP = NO;
				DEBUG_INFORMATION_FORMAT = "dwarf-with-dsym";
				ENABLE_NS_ASSERTIONS = NO;
				ENABLE_STRICT_OBJC_MSGSEND = YES;
				GCC_C_LANGUAGE_STANDARD = gnu11;
				GCC_NO_COMMON_BLOCKS = YES;
				GCC_WARN_64_TO_32_BIT_CONVERSION = YES;
				GCC_WARN_ABOUT_RETURN_TYPE = YES_ERROR;
				GCC_WARN_UNDECLARED_SELECTOR = YES;
				GCC_WARN_UNINITIALIZED_AUTOS = YES_AGGRESSIVE;
				GCC_WARN_UNUSED_FUNCTION = YES;
				GCC_WARN_UNUSED_VARIABLE = YES;
				IPHONEOS_DEPLOYMENT_TARGET = 16.1;
				MTL_ENABLE_DEBUG_INFO = NO;
				MTL_FAST_MATH = YES;
				SDKROOT = iphoneos;
				SWIFT_COMPILATION_MODE = wholemodule;
				SWIFT_OPTIMIZATION_LEVEL = "-O";
				VALIDATE_PRODUCT = YES;
			};
			name = Release;
		};
		4544A4902954BCD8004EB8E8 /* Debug */ = {
			isa = XCBuildConfiguration;
			buildSettings = {
				ASSETCATALOG_COMPILER_APPICON_NAME = AppIcon;
				ASSETCATALOG_COMPILER_GLOBAL_ACCENT_COLOR_NAME = AccentColor;
				CODE_SIGN_STYLE = Automatic;
				CURRENT_PROJECT_VERSION = 1;
				DEVELOPMENT_ASSET_PATHS = "\"WayPicker/Preview Content\"";
				DEVELOPMENT_TEAM = PA22D3JM3X;
				ENABLE_PREVIEWS = YES;
				GENERATE_INFOPLIST_FILE = YES;
				INFOPLIST_FILE = WayPicker/Info.plist;
				INFOPLIST_KEY_UIApplicationSceneManifest_Generation = YES;
				INFOPLIST_KEY_UIApplicationSupportsIndirectInputEvents = YES;
				INFOPLIST_KEY_UILaunchScreen_Generation = YES;
				INFOPLIST_KEY_UISupportedInterfaceOrientations_iPad = "UIInterfaceOrientationPortrait UIInterfaceOrientationPortraitUpsideDown UIInterfaceOrientationLandscapeLeft UIInterfaceOrientationLandscapeRight";
				INFOPLIST_KEY_UISupportedInterfaceOrientations_iPhone = UIInterfaceOrientationPortrait;
				LD_RUNPATH_SEARCH_PATHS = (
					"$(inherited)",
					"@executable_path/Frameworks",
				);
				MARKETING_VERSION = 1.0;
				PRODUCT_BUNDLE_IDENTIFIER = com.example.WayPicker;
				PRODUCT_NAME = "$(TARGET_NAME)";
				SWIFT_EMIT_LOC_STRINGS = YES;
				SWIFT_VERSION = 5.0;
				TARGETED_DEVICE_FAMILY = "1,2";
			};
			name = Debug;
		};
		4544A4912954BCD8004EB8E8 /* Release */ = {
			isa = XCBuildConfiguration;
			buildSettings = {
				ASSETCATALOG_COMPILER_APPICON_NAME = AppIcon;
				ASSETCATALOG_COMPILER_GLOBAL_ACCENT_COLOR_NAME = AccentColor;
				CODE_SIGN_STYLE = Automatic;
				CURRENT_PROJECT_VERSION = 1;
				DEVELOPMENT_ASSET_PATHS = "\"WayPicker/Preview Content\"";
				DEVELOPMENT_TEAM = PA22D3JM3X;
				ENABLE_PREVIEWS = YES;
				GENERATE_INFOPLIST_FILE = YES;
				INFOPLIST_FILE = WayPicker/Info.plist;
				INFOPLIST_KEY_UIApplicationSceneManifest_Generation = YES;
				INFOPLIST_KEY_UIApplicationSupportsIndirectInputEvents = YES;
				INFOPLIST_KEY_UILaunchScreen_Generation = YES;
				INFOPLIST_KEY_UISupportedInterfaceOrientations_iPad = "UIInterfaceOrientationPortrait UIInterfaceOrientationPortraitUpsideDown UIInterfaceOrientationLandscapeLeft UIInterfaceOrientationLandscapeRight";
				INFOPLIST_KEY_UISupportedInterfaceOrientations_iPhone = UIInterfaceOrientationPortrait;
				LD_RUNPATH_SEARCH_PATHS = (
					"$(inherited)",
					"@executable_path/Frameworks",
				);
				MARKETING_VERSION = 1.0;
				PRODUCT_BUNDLE_IDENTIFIER = com.example.WayPicker;
				PRODUCT_NAME = "$(TARGET_NAME)";
				SWIFT_EMIT_LOC_STRINGS = YES;
				SWIFT_VERSION = 5.0;
				TARGETED_DEVICE_FAMILY = "1,2";
			};
			name = Release;
		};
/* End XCBuildConfiguration section */

/* Begin XCConfigurationList section */
		4544A47C2954BCD2004EB8E8 /* Build configuration list for PBXProject "WayPicker" */ = {
			isa = XCConfigurationList;
			buildConfigurations = (
				4544A48D2954BCD8004EB8E8 /* Debug */,
				4544A48E2954BCD8004EB8E8 /* Release */,
			);
			defaultConfigurationIsVisible = 0;
			defaultConfigurationName = Release;
		};
		4544A48F2954BCD8004EB8E8 /* Build configuration list for PBXNativeTarget "WayPicker" */ = {
			isa = XCConfigurationList;
			buildConfigurations = (
				4544A4902954BCD8004EB8E8 /* Debug */,
				4544A4912954BCD8004EB8E8 /* Release */,
			);
			defaultConfigurationIsVisible = 0;
			defaultConfigurationName = Release;
		};
/* End XCConfigurationList section */
	};
	rootObject = 4544A4792954BCD2004EB8E8 /* Project object */;
}
